
Microsoft Visual Studio Solution File, Format Version 10.00
# Visual C# Express 2008
Project("{FAE04EC0-301F-11D3-BF4B-00C04F79EFBC}") = "OCiC-Mono", "OCiC-Mono\OCiC-Mono.csproj", "{DDF5ED24-BE8E-4BBD-98A7-A63CDCD3ACAF}"
EndProject
Global
	GlobalSection(SolutionConfigurationPlatforms) = preSolution
		Debug|x86 = Debug|x86
		Release|x86 = Release|x86
	EndGlobalSection
	GlobalSection(ProjectConfigurationPlatforms) = postSolution
		{DDF5ED24-BE8E-4BBD-98A7-A63CDCD3ACAF}.Debug|x86.ActiveCfg = Debug|x86
		{DDF5ED24-BE8E-4BBD-98A7-A63CDCD3ACAF}.Debug|x86.Build.0 = Debug|x86
		{DDF5ED24-BE8E-4BBD-98A7-A63CDCD3ACAF}.Release|x86.ActiveCfg = Release|x86
		{DDF5ED24-BE8E-4BBD-98A7-A63CDCD3ACAF}.Release|x86.Build.0 = Release|x86
	EndGlobalSection
	GlobalSection(MonoDevelopProperties) = preSolution
		StartupItem = OCiC-Mono\OCiC-Mono.csproj
	EndGlobalSection
EndGlobal
