<?xml version="1.0" encoding="utf-8"?>
<Project ToolsVersion="4.0" xmlns="http://schemas.microsoft.com/developer/msbuild/2003">
  <ItemGroup>
    <Filter Include="Source Files">
      <UniqueIdentifier>{4FC737F1-C7A5-4376-A066-2A32D752A2FF}</UniqueIdentifier>
      <Extensions>cpp;c;cc;cxx;def;odl;idl;hpj;bat;asm;asmx</Extensions>
    </Filter>
    <Filter Include="Header Files">
      <UniqueIdentifier>{93995380-89BD-4b04-88EB-625FBE52EBFB}</UniqueIdentifier>
      <Extensions>h;hpp;hxx;hm;inl;inc;xsd</Extensions>
    </Filter>
    <Filter Include="Resource Files">
      <UniqueIdentifier>{67DA6AB6-F800-4c08-8B7A-83BB121AAD01}</UniqueIdentifier>
      <Extensions>rc;ico;cur;bmp;dlg;rc2;rct;bin;rgs;gif;jpg;jpeg;jpe;resx;tiff;tif;png;wav</Extensions>
    </Filter>
    <Filter Include="Auto Generated Files">
      <UniqueIdentifier>{52a26ee8-8710-4e07-bd0a-c645992b0580}</UniqueIdentifier>
    </Filter>
    <Filter Include="Auto Generated Files\Header Files">
      <UniqueIdentifier>{c8ba0efa-01fd-4bb0-b862-277aca9f93cf}</UniqueIdentifier>
    </Filter>
    <Filter Include="Auto Generated Files\Source Files">
      <UniqueIdentifier>{e010c45a-73a0-4dfd-85bd-dc395e22a3f3}</UniqueIdentifier>
    </Filter>
  </ItemGroup>
  <ItemGroup>
    <ClCompile Include="..\..\cobc\cobc.cpp">
      <Filter>Source Files</Filter>
    </ClCompile>
    <ClCompile Include="..\..\cobc\codegen.cpp">
      <Filter>Source Files</Filter>
    </ClCompile>
    <ClCompile Include="..\..\cobc\codeoptim.cpp">
      <Filter>Source Files</Filter>
    </ClCompile>
    <ClCompile Include="..\..\cobc\config.cpp">
      <Filter>Source Files</Filter>
    </ClCompile>
    <ClCompile Include="..\..\cobc\error.cpp">
      <Filter>Source Files</Filter>
    </ClCompile>
    <ClCompile Include="..\..\cobc\field.cpp">
      <Filter>Source Files</Filter>
    </ClCompile>
    <ClCompile Include="..\..\cobc\naming.cpp">
      <Filter>Source Files</Filter>
    </ClCompile>
    <ClCompile Include="..\..\cobc\reserved.cpp">
      <Filter>Source Files</Filter>
    </ClCompile>
    <ClCompile Include="..\..\cobc\tree.cpp">
      <Filter>Source Files</Filter>
    </ClCompile>
    <ClCompile Include="..\..\cobc\utils.cpp">
      <Filter>Source Files</Filter>
    </ClCompile>
    <ClCompile Include="..\..\cobc\typeck.cpp">
      <Filter>Source Files</Filter>
    </ClCompile>
    <ClCompile Include="..\..\cobc\parser.cpp">
      <Filter>Auto Generated Files\Source Files</Filter>
    </ClCompile>
    <ClCompile Include="..\..\cobc\pplex.cpp">
      <Filter>Auto Generated Files\Source Files</Filter>
    </ClCompile>
    <ClCompile Include="..\..\cobc\ppparse.cpp">
      <Filter>Auto Generated Files\Source Files</Filter>
    </ClCompile>
    <ClCompile Include="..\..\cobc\scanner.cpp">
      <Filter>Auto Generated Files\Source Files</Filter>
    </ClCompile>
  </ItemGroup>
  <ItemGroup>
    <None Include="..\..\cobc\codeoptim.def">
      <Filter>Header Files</Filter>
    </None>
    <None Include="..\..\cobc\config.def">
      <Filter>Header Files</Filter>
    </None>
    <None Include="..\..\cobc\flag.def">
      <Filter>Header Files</Filter>
    </None>
    <None Include="..\..\cobc\warning.def">
      <Filter>Header Files</Filter>
    </None>
    <None Include="..\..\cobc\ChangeLog" />
  </ItemGroup>
  <ItemGroup>
    <ClInclude Include="..\..\libcob\cobgetopt.h">
      <Filter>Header Files</Filter>
    </ClInclude>
    <ClInclude Include="config.h">
      <Filter>Header Files</Filter>
    </ClInclude>
    <ClInclude Include="defaults.h">
      <Filter>Header Files</Filter>
    </ClInclude>
    <ClInclude Include="..\..\libcob.h">
      <Filter>Header Files</Filter>
    </ClInclude>
    <ClInclude Include="..\..\tarstamp.h">
      <Filter>Header Files</Filter>
    </ClInclude>
    <ClInclude Include="..\..\cobc\tree.h">
      <Filter>Header Files</Filter>
    </ClInclude>
    <ClInclude Include="..\..\cobc\parser.hpp">
      <Filter>Auto Generated Files\Header Files</Filter>
    </ClInclude>
    <ClInclude Include="..\..\cobc\ppparse.hpp">
      <Filter>Auto Generated Files\Header Files</Filter>
    </ClInclude>
    <ClInclude Include="..\..\cobc\cobc.h">
      <Filter>Header Files</Filter>
    </ClInclude>
    <ClInclude Include="..\..\cobc\vcache.h">
      <Filter>Header Files</Filter>
    </ClInclude>
    <ClInclude Include="..\..\libcob\common.h">
      <Filter>Header Files</Filter>
    </ClInclude>
    <ClInclude Include="..\..\libcob\cobgetopt.h">
      <Filter>Header Files</Filter>
    </ClInclude>
  </ItemGroup>
  <ItemGroup>
    <ResourceCompile Include="..\version_cobc.rc">
      <Filter>Resource Files</Filter>
    </ResourceCompile>
  </ItemGroup>
  <ItemGroup>
    <CustomBuild Include="..\..\cobc\parser.y">
      <Filter>Source Files</Filter>
    </CustomBuild>
    <CustomBuild Include="..\..\cobc\pplex.l">
      <Filter>Source Files</Filter>
    </CustomBuild>
    <CustomBuild Include="..\..\cobc\ppparse.y">
      <Filter>Source Files</Filter>
    </CustomBuild>
    <CustomBuild Include="..\..\cobc\scanner.l">
      <Filter>Source Files</Filter>
    </CustomBuild>
  </ItemGroup>
</Project>